
Microsoft Visual Studio Solution File, Format Version 12.00
# Visual Studio Version 17
VisualStudioVersion = 17.0.31912.275
MinimumVisualStudioVersion = 10.0.40219.1
Project("{2150E333-8FDC-42A3-9474-1A3956D46DE8}") = "DevOps", "DevOps", "{D29CABE7-467E-4CF6-B44B-3C58AB76145A}"
	ProjectSection(SolutionItems) = preProject
		..\.gitignore = ..\.gitignore
		..\azure-pipelines.release.yml = ..\azure-pipelines.release.yml
		..\azure-pipelines.yml = ..\azure-pipelines.yml
		..\GitVersion.yml = ..\GitVersion.yml
	EndProjectSection
EndProject
Project("{9A19103F-16F7-4668-BE54-9A1E7A4F7556}") = "Marain.Tenancy.Deployment", "Marain.Tenancy.Deployment\Marain.Tenancy.Deployment.csproj", "{0F4BEEC3-4434-4511-AB18-2C39D311F3A4}"
EndProject
Project("{9A19103F-16F7-4668-BE54-9A1E7A4F7556}") = "Marain.Tenancy.Storage.Azure.BlobStorage", "Marain.Tenancy.Storage.Azure.BlobStorage\Marain.Tenancy.Storage.Azure.BlobStorage.csproj", "{17F5E595-91A1-4EF4-9205-E772C4BF4ECE}"
EndProject
Project("{9A19103F-16F7-4668-BE54-9A1E7A4F7556}") = "Marain.Tenancy.Storage.Azure.BlobStorage.Specs", "Marain.Tenancy.Storage.Azure.BlobStorage.Specs\Marain.Tenancy.Storage.Azure.BlobStorage.Specs.csproj", "{B9D61A6F-9330-4590-98F2-3A033C96CD2E}"
EndProject
Project("{E53339B2-1760-4266-BCC7-CA923CBCF16C}") = "docker-compose", "Docker.Compose\docker-compose.dcproj", "{E6EF3336-38D7-43AE-9840-6359F20DB9C8}"
EndProject
Project("{FAE04EC0-301F-11D3-BF4B-00C04F79EFBC}") = "Marain.Tenancy.MinimalApi", "Marain.Tenancy.MinimalApi\Marain.Tenancy.MinimalApi.csproj", "{A5571B80-11F0-490B-A0FB-1C68156B6C12}"
EndProject
Project("{FAE04EC0-301F-11D3-BF4B-00C04F79EFBC}") = "Marain.Tenancy.Client", "Marain.Tenancy.Client\Marain.Tenancy.Client.csproj", "{B5E7B737-DBF7-CC02-EA92-A83FC42AA697}"
EndProject
Project("{FAE04EC0-301F-11D3-BF4B-00C04F79EFBC}") = "Marain.Tenancy.ClientTenantProvider", "Marain.Tenancy.ClientTenantProvider\Marain.Tenancy.ClientTenantProvider.csproj", "{41874CA2-A390-C921-FDE1-551BDF55E391}"
EndProject
Project("{FAE04EC0-301F-11D3-BF4B-00C04F79EFBC}") = "Marain.Tenancy.Cli", "Marain.Tenancy.Cli\Marain.Tenancy.Cli.csproj", "{1E44F3DD-BEC6-48BF-834A-00A0713F79CF}"
EndProject
Global
	GlobalSection(SolutionConfigurationPlatforms) = preSolution
		Debug|Any CPU = Debug|Any CPU
		Debug|x64 = Debug|x64
		Debug|x86 = Debug|x86
		Release|Any CPU = Release|Any CPU
		Release|x64 = Release|x64
		Release|x86 = Release|x86
	EndGlobalSection
	GlobalSection(ProjectConfigurationPlatforms) = postSolution
		{0F4BEEC3-4434-4511-AB18-2C39D311F3A4}.Debug|Any CPU.ActiveCfg = Debug|Any CPU
		{0F4BEEC3-4434-4511-AB18-2C39D311F3A4}.Debug|Any CPU.Build.0 = Debug|Any CPU
		{0F4BEEC3-4434-4511-AB18-2C39D311F3A4}.Debug|x64.ActiveCfg = Debug|Any CPU
		{0F4BEEC3-4434-4511-AB18-2C39D311F3A4}.Debug|x64.Build.0 = Debug|Any CPU
		{0F4BEEC3-4434-4511-AB18-2C39D311F3A4}.Debug|x86.ActiveCfg = Debug|Any CPU
		{0F4BEEC3-4434-4511-AB18-2C39D311F3A4}.Debug|x86.Build.0 = Debug|Any CPU
		{0F4BEEC3-4434-4511-AB18-2C39D311F3A4}.Release|Any CPU.ActiveCfg = Release|Any CPU
		{0F4BEEC3-4434-4511-AB18-2C39D311F3A4}.Release|Any CPU.Build.0 = Release|Any CPU
		{0F4BEEC3-4434-4511-AB18-2C39D311F3A4}.Release|x64.ActiveCfg = Release|Any CPU
		{0F4BEEC3-4434-4511-AB18-2C39D311F3A4}.Release|x64.Build.0 = Release|Any CPU
		{0F4BEEC3-4434-4511-AB18-2C39D311F3A4}.Release|x86.ActiveCfg = Release|Any CPU
		{0F4BEEC3-4434-4511-AB18-2C39D311F3A4}.Release|x86.Build.0 = Release|Any CPU
		{17F5E595-91A1-4EF4-9205-E772C4BF4ECE}.Debug|Any CPU.ActiveCfg = Debug|Any CPU
		{17F5E595-91A1-4EF4-9205-E772C4BF4ECE}.Debug|Any CPU.Build.0 = Debug|Any CPU
		{17F5E595-91A1-4EF4-9205-E772C4BF4ECE}.Debug|x64.ActiveCfg = Debug|Any CPU
		{17F5E595-91A1-4EF4-9205-E772C4BF4ECE}.Debug|x64.Build.0 = Debug|Any CPU
		{17F5E595-91A1-4EF4-9205-E772C4BF4ECE}.Debug|x86.ActiveCfg = Debug|Any CPU
		{17F5E595-91A1-4EF4-9205-E772C4BF4ECE}.Debug|x86.Build.0 = Debug|Any CPU
		{17F5E595-91A1-4EF4-9205-E772C4BF4ECE}.Release|Any CPU.ActiveCfg = Release|Any CPU
		{17F5E595-91A1-4EF4-9205-E772C4BF4ECE}.Release|Any CPU.Build.0 = Release|Any CPU
		{17F5E595-91A1-4EF4-9205-E772C4BF4ECE}.Release|x64.ActiveCfg = Release|Any CPU
		{17F5E595-91A1-4EF4-9205-E772C4BF4ECE}.Release|x64.Build.0 = Release|Any CPU
		{17F5E595-91A1-4EF4-9205-E772C4BF4ECE}.Release|x86.ActiveCfg = Release|Any CPU
		{17F5E595-91A1-4EF4-9205-E772C4BF4ECE}.Release|x86.Build.0 = Release|Any CPU
		{B9D61A6F-9330-4590-98F2-3A033C96CD2E}.Debug|Any CPU.ActiveCfg = Debug|Any CPU
		{B9D61A6F-9330-4590-98F2-3A033C96CD2E}.Debug|Any CPU.Build.0 = Debug|Any CPU
		{B9D61A6F-9330-4590-98F2-3A033C96CD2E}.Debug|x64.ActiveCfg = Debug|Any CPU
		{B9D61A6F-9330-4590-98F2-3A033C96CD2E}.Debug|x64.Build.0 = Debug|Any CPU
		{B9D61A6F-9330-4590-98F2-3A033C96CD2E}.Debug|x86.ActiveCfg = Debug|Any CPU
		{B9D61A6F-9330-4590-98F2-3A033C96CD2E}.Debug|x86.Build.0 = Debug|Any CPU
		{B9D61A6F-9330-4590-98F2-3A033C96CD2E}.Release|Any CPU.ActiveCfg = Release|Any CPU
		{B9D61A6F-9330-4590-98F2-3A033C96CD2E}.Release|Any CPU.Build.0 = Release|Any CPU
		{B9D61A6F-9330-4590-98F2-3A033C96CD2E}.Release|x64.ActiveCfg = Release|Any CPU
		{B9D61A6F-9330-4590-98F2-3A033C96CD2E}.Release|x64.Build.0 = Release|Any CPU
		{B9D61A6F-9330-4590-98F2-3A033C96CD2E}.Release|x86.ActiveCfg = Release|Any CPU
		{B9D61A6F-9330-4590-98F2-3A033C96CD2E}.Release|x86.Build.0 = Release|Any CPU
		{E6EF3336-38D7-43AE-9840-6359F20DB9C8}.Debug|Any CPU.ActiveCfg = Debug|Any CPU
		{E6EF3336-38D7-43AE-9840-6359F20DB9C8}.Debug|Any CPU.Build.0 = Debug|Any CPU
		{E6EF3336-38D7-43AE-9840-6359F20DB9C8}.Debug|x64.ActiveCfg = Debug|x64
		{E6EF3336-38D7-43AE-9840-6359F20DB9C8}.Debug|x86.ActiveCfg = Debug|x86
		{E6EF3336-38D7-43AE-9840-6359F20DB9C8}.Release|Any CPU.ActiveCfg = Release|Any CPU
		{E6EF3336-38D7-43AE-9840-6359F20DB9C8}.Release|Any CPU.Build.0 = Release|Any CPU
		{E6EF3336-38D7-43AE-9840-6359F20DB9C8}.Release|x64.ActiveCfg = Release|x64
		{E6EF3336-38D7-43AE-9840-6359F20DB9C8}.Release|x86.ActiveCfg = Release|x86
		{A5571B80-11F0-490B-A0FB-1C68156B6C12}.Debug|Any CPU.ActiveCfg = Debug|Any CPU
		{A5571B80-11F0-490B-A0FB-1C68156B6C12}.Debug|Any CPU.Build.0 = Debug|Any CPU
		{A5571B80-11F0-490B-A0FB-1C68156B6C12}.Debug|x64.ActiveCfg = Debug|Any CPU
		{A5571B80-11F0-490B-A0FB-1C68156B6C12}.Debug|x64.Build.0 = Debug|Any CPU
		{A5571B80-11F0-490B-A0FB-1C68156B6C12}.Debug|x86.ActiveCfg = Debug|Any CPU
		{A5571B80-11F0-490B-A0FB-1C68156B6C12}.Debug|x86.Build.0 = Debug|Any CPU
		{A5571B80-11F0-490B-A0FB-1C68156B6C12}.Release|Any CPU.ActiveCfg = Release|Any CPU
		{A5571B80-11F0-490B-A0FB-1C68156B6C12}.Release|Any CPU.Build.0 = Release|Any CPU
		{A5571B80-11F0-490B-A0FB-1C68156B6C12}.Release|x64.ActiveCfg = Release|Any CPU
		{A5571B80-11F0-490B-A0FB-1C68156B6C12}.Release|x64.Build.0 = Release|Any CPU
		{A5571B80-11F0-490B-A0FB-1C68156B6C12}.Release|x86.ActiveCfg = Release|Any CPU
		{A5571B80-11F0-490B-A0FB-1C68156B6C12}.Release|x86.Build.0 = Release|Any CPU
		{B5E7B737-DBF7-CC02-EA92-A83FC42AA697}.Debug|Any CPU.ActiveCfg = Debug|Any CPU
		{B5E7B737-DBF7-CC02-EA92-A83FC42AA697}.Debug|Any CPU.Build.0 = Debug|Any CPU
		{B5E7B737-DBF7-CC02-EA92-A83FC42AA697}.Debug|x64.ActiveCfg = Debug|Any CPU
		{B5E7B737-DBF7-CC02-EA92-A83FC42AA697}.Debug|x64.Build.0 = Debug|Any CPU
		{B5E7B737-DBF7-CC02-EA92-A83FC42AA697}.Debug|x86.ActiveCfg = Debug|Any CPU
		{B5E7B737-DBF7-CC02-EA92-A83FC42AA697}.Debug|x86.Build.0 = Debug|Any CPU
		{B5E7B737-DBF7-CC02-EA92-A83FC42AA697}.Release|Any CPU.ActiveCfg = Release|Any CPU
		{B5E7B737-DBF7-CC02-EA92-A83FC42AA697}.Release|Any CPU.Build.0 = Release|Any CPU
		{B5E7B737-DBF7-CC02-EA92-A83FC42AA697}.Release|x64.ActiveCfg = Release|Any CPU
		{B5E7B737-DBF7-CC02-EA92-A83FC42AA697}.Release|x64.Build.0 = Release|Any CPU
		{B5E7B737-DBF7-CC02-EA92-A83FC42AA697}.Release|x86.ActiveCfg = Release|Any CPU
		{B5E7B737-DBF7-CC02-EA92-A83FC42AA697}.Release|x86.Build.0 = Release|Any CPU
		{41874CA2-A390-C921-FDE1-551BDF55E391}.Debug|Any CPU.ActiveCfg = Debug|Any CPU
		{41874CA2-A390-C921-FDE1-551BDF55E391}.Debug|Any CPU.Build.0 = Debug|Any CPU
		{41874CA2-A390-C921-FDE1-551BDF55E391}.Debug|x64.ActiveCfg = Debug|Any CPU
		{41874CA2-A390-C921-FDE1-551BDF55E391}.Debug|x64.Build.0 = Debug|Any CPU
		{41874CA2-A390-C921-FDE1-551BDF55E391}.Debug|x86.ActiveCfg = Debug|Any CPU
		{41874CA2-A390-C921-FDE1-551BDF55E391}.Debug|x86.Build.0 = Debug|Any CPU
		{41874CA2-A390-C921-FDE1-551BDF55E391}.Release|Any CPU.ActiveCfg = Release|Any CPU
		{41874CA2-A390-C921-FDE1-551BDF55E391}.Release|Any CPU.Build.0 = Release|Any CPU
		{41874CA2-A390-C921-FDE1-551BDF55E391}.Release|x64.ActiveCfg = Release|Any CPU
		{41874CA2-A390-C921-FDE1-551BDF55E391}.Release|x64.Build.0 = Release|Any CPU
		{41874CA2-A390-C921-FDE1-551BDF55E391}.Release|x86.ActiveCfg = Release|Any CPU
		{41874CA2-A390-C921-FDE1-551BDF55E391}.Release|x86.Build.0 = Release|Any CPU
		{1E44F3DD-BEC6-48BF-834A-00A0713F79CF}.Debug|Any CPU.ActiveCfg = Debug|Any CPU
		{1E44F3DD-BEC6-48BF-834A-00A0713F79CF}.Debug|Any CPU.Build.0 = Debug|Any CPU
		{1E44F3DD-BEC6-48BF-834A-00A0713F79CF}.Debug|x64.ActiveCfg = Debug|Any CPU
		{1E44F3DD-BEC6-48BF-834A-00A0713F79CF}.Debug|x64.Build.0 = Debug|Any CPU
		{1E44F3DD-BEC6-48BF-834A-00A0713F79CF}.Debug|x86.ActiveCfg = Debug|Any CPU
		{1E44F3DD-BEC6-48BF-834A-00A0713F79CF}.Debug|x86.Build.0 = Debug|Any CPU
		{1E44F3DD-BEC6-48BF-834A-00A0713F79CF}.Release|Any CPU.ActiveCfg = Release|Any CPU
		{1E44F3DD-BEC6-48BF-834A-00A0713F79CF}.Release|Any CPU.Build.0 = Release|Any CPU
		{1E44F3DD-BEC6-48BF-834A-00A0713F79CF}.Release|x64.ActiveCfg = Release|Any CPU
		{1E44F3DD-BEC6-48BF-834A-00A0713F79CF}.Release|x64.Build.0 = Release|Any CPU
		{1E44F3DD-BEC6-48BF-834A-00A0713F79CF}.Release|x86.ActiveCfg = Release|Any CPU
		{1E44F3DD-BEC6-48BF-834A-00A0713F79CF}.Release|x86.Build.0 = Release|Any CPU
	EndGlobalSection
	GlobalSection(SolutionProperties) = preSolution
		HideSolutionNode = FALSE
	EndGlobalSection
	GlobalSection(ExtensibilityGlobals) = postSolution
		SolutionGuid = {4DFBD0C0-BF8C-450C-B6CD-5C22FC2CC03C}
	EndGlobalSection
EndGlobal
